
Microsoft Visual Studio Solution File, Format Version 12.00
# Visual Studio Version 17
VisualStudioVersion = 17.5.33530.505
MinimumVisualStudioVersion = 10.0.40219.1
Project("{FAE04EC0-301F-11D3-BF4B-00C04F79EFBC}") = "RandomDataAPI", "RandomDataAPI\RandomDataAPI.csproj", "{0617C084-F364-41CE-B4A8-BFBD48BAAC85}"
EndProject
Project("{FAE04EC0-301F-11D3-BF4B-00C04F79EFBC}") = "Utilities.dll", "Utilities.dll\Utilities.dll.csproj", "{E0E6616B-F50F-4E29-953C-E930247080CF}"
EndProject
Project("{FAE04EC0-301F-11D3-BF4B-00C04F79EFBC}") = "UserSchema.dll", "UserSchema.dll\UserSchema.dll.csproj", "{BC1FB76B-23A7-4375-BF70-1E746476436B}"
EndProject
Global
	GlobalSection(SolutionConfigurationPlatforms) = preSolution
		Debug|Any CPU = Debug|Any CPU
		Release|Any CPU = Release|Any CPU
	EndGlobalSection
	GlobalSection(ProjectConfigurationPlatforms) = postSolution
		{0617C084-F364-41CE-B4A8-BFBD48BAAC85}.Debug|Any CPU.ActiveCfg = Debug|Any CPU
		{0617C084-F364-41CE-B4A8-BFBD48BAAC85}.Debug|Any CPU.Build.0 = Debug|Any CPU
		{0617C084-F364-41CE-B4A8-BFBD48BAAC85}.Release|Any CPU.ActiveCfg = Release|Any CPU
		{0617C084-F364-41CE-B4A8-BFBD48BAAC85}.Release|Any CPU.Build.0 = Release|Any CPU
		{E0E6616B-F50F-4E29-953C-E930247080CF}.Debug|Any CPU.ActiveCfg = Debug|Any CPU
		{E0E6616B-F50F-4E29-953C-E930247080CF}.Debug|Any CPU.Build.0 = Debug|Any CPU
		{E0E6616B-F50F-4E29-953C-E930247080CF}.Release|Any CPU.ActiveCfg = Release|Any CPU
		{E0E6616B-F50F-4E29-953C-E930247080CF}.Release|Any CPU.Build.0 = Release|Any CPU
		{BC1FB76B-23A7-4375-BF70-1E746476436B}.Debug|Any CPU.ActiveCfg = Debug|Any CPU
		{BC1FB76B-23A7-4375-BF70-1E746476436B}.Debug|Any CPU.Build.0 = Debug|Any CPU
		{BC1FB76B-23A7-4375-BF70-1E746476436B}.Release|Any CPU.ActiveCfg = Release|Any CPU
		{BC1FB76B-23A7-4375-BF70-1E746476436B}.Release|Any CPU.Build.0 = Release|Any CPU
	EndGlobalSection
	GlobalSection(SolutionProperties) = preSolution
		HideSolutionNode = FALSE
	EndGlobalSection
	GlobalSection(ExtensibilityGlobals) = postSolution
		SolutionGuid = {E0AC1137-3E59-452B-B5C2-4046123DCA83}
	EndGlobalSection
EndGlobal
